{
  "originHash" : "bc18482281823d7c4cfede3bdfb6d0f66ebb92e5fa3f0dc8ddefc1ec801cc172",
  "pins" : [
    {
      "identity" : "kanna",
      "kind" : "remoteSourceControl",
      "location" : "https://github.com/tid-kijyun/Kanna.git",
      "state" : {
        "revision" : "3c73af6d3859d9240db60aef233941a715387744",
        "version" : "6.1.0"
      }
    },
    {
      "identity" : "swiftsoup",
      "kind" : "remoteSourceControl",
      "location" : "https://github.com/scinfu/SwiftSoup.git",
      "state" : {
        "revision" : "ead56133a693d0184d8c2db1a6d6394410cacfd6",
        "version" : "2.13.6"
      }
    }
  ],
  "version" : 3
}
