// !$*UTF8*$!
{
	archiveVersion = 1;
	classes = {
	};
	objectVersion = 77;
	objects = {

/* Begin PBXBuildFile section */
		1A247BC9DA1F87E2A09B5044 /* ShelfManagementView.swift in Sources */ = {isa = PBXBuildFile; fileRef = 1461305771304D0B5A9934B5 /* ShelfManagementView.swift */; };
		26C1753D9C50964A3EA59600 /* ChapterTOCView.swift in Sources */ = {isa = PBXBuildFile; fileRef = 148BB4F7EFBC9D40BED6769D /* ChapterTOCView.swift */; };
		682ADA9807FEE6DA793B5B45 /* SourceManagementView.swift in Sources */ = {isa = PBXBuildFile; fileRef = 1C9DD517B1446521069518EC /* SourceManagementView.swift */; };
		6CA4C2449D674B518896C424 /* SourceLoginView.swift in Sources */ = {isa = PBXBuildFile; fileRef = 0C3D6A5A1D184704A75CC5EF /* SourceLoginView.swift */; };
		77A808F091EA8A7F43C7112F /* LegadoAppUITests.swift in Sources */ = {isa = PBXBuildFile; fileRef = 35F4A6E9B82AF44A887F2980 /* LegadoAppUITests.swift */; };
		7CF2EBDB0B65A2B3E697C3BD /* LegadoApp.swift in Sources */ = {isa = PBXBuildFile; fileRef = DB97AF8062C9ACB83622DB4D /* LegadoApp.swift */; };
		81816E12EB45F89D6C820242 /* ManagedBookFileStore.swift in Sources */ = {isa = PBXBuildFile; fileRef = F888FA69C591B5A9AC6E9D5B /* ManagedBookFileStore.swift */; };
		8C9B2045210D4D12A72EDB80 /* BookDetailView.swift in Sources */ = {isa = PBXBuildFile; fileRef = 8F643378684698E56A60BB42 /* BookDetailView.swift */; };
		9AEB7EA85E118BCDEF1BC722 /* RootShellView.swift in Sources */ = {isa = PBXBuildFile; fileRef = 1AA56687558EF2C28A2F526F /* RootShellView.swift */; };
		D8AD017203A6DBD627D4F11B /* SourceCatalogEnvironment.swift in Sources */ = {isa = PBXBuildFile; fileRef = 7C9B37DC68383564F773D013 /* SourceCatalogEnvironment.swift */; };
		DACC0FDD44450CF8A823AC81 /* LegadoFullCompatKit in Frameworks */ = {isa = PBXBuildFile; productRef = 752C493A99E434E7A062F2B3 /* LegadoFullCompatKit */; };
		EE6ACF282E27D4D151647C16 /* ReaderContentView.swift in Sources */ = {isa = PBXBuildFile; fileRef = FF7E0504B02B52095E37595C /* ReaderContentView.swift */; };
		F6215ABC51AF3EDE56196855 /* SearchEnvironment.swift in Sources */ = {isa = PBXBuildFile; fileRef = 0E3179602790AC70DE65BB59 /* SearchEnvironment.swift */; };
/* End PBXBuildFile section */

/* Begin PBXContainerItemProxy section */
		F48AE1B1346E729A68FB1BFF /* PBXContainerItemProxy */ = {
			isa = PBXContainerItemProxy;
			containerPortal = 97C88D041936DFBF20C4AA23 /* Project object */;
			proxyType = 1;
			remoteGlobalIDString = 55315C6346F89ED3EB625180;
			remoteInfo = LegadoApp;
		};
/* End PBXContainerItemProxy section */

/* Begin PBXFileReference section */
		03D812586C316D23E78AB8E6 /* LegadoAppUITests.xctest */ = {isa = PBXFileReference; includeInIndex = 0; lastKnownFileType = wrapper.cfbundle; path = LegadoAppUITests.xctest; sourceTree = BUILT_PRODUCTS_DIR; };
		0E3179602790AC70DE65BB59 /* SearchEnvironment.swift */ = {isa = PBXFileReference; lastKnownFileType = sourcecode.swift; path = SearchEnvironment.swift; sourceTree = "<group>"; };
		0C3D6A5A1D184704A75CC5EF /* SourceLoginView.swift */ = {isa = PBXFileReference; lastKnownFileType = sourcecode.swift; path = SourceLoginView.swift; sourceTree = "<group>"; };
		1461305771304D0B5A9934B5 /* ShelfManagementView.swift */ = {isa = PBXFileReference; lastKnownFileType = sourcecode.swift; path = ShelfManagementView.swift; sourceTree = "<group>"; };
		148BB4F7EFBC9D40BED6769D /* ChapterTOCView.swift */ = {isa = PBXFileReference; lastKnownFileType = sourcecode.swift; path = ChapterTOCView.swift; sourceTree = "<group>"; };
		1AA56687558EF2C28A2F526F /* RootShellView.swift */ = {isa = PBXFileReference; lastKnownFileType = sourcecode.swift; path = RootShellView.swift; sourceTree = "<group>"; };
		1C9DD517B1446521069518EC /* SourceManagementView.swift */ = {isa = PBXFileReference; lastKnownFileType = sourcecode.swift; path = SourceManagementView.swift; sourceTree = "<group>"; };
		35F4A6E9B82AF44A887F2980 /* LegadoAppUITests.swift */ = {isa = PBXFileReference; lastKnownFileType = sourcecode.swift; path = LegadoAppUITests.swift; sourceTree = "<group>"; };
		41F121F4FC3DD3B968A18419 /* LegadoApp.app */ = {isa = PBXFileReference; includeInIndex = 0; lastKnownFileType = wrapper.application; path = LegadoApp.app; sourceTree = BUILT_PRODUCTS_DIR; };
		7347A313DD725C4724AF05DC /* LegadoKit */ = {isa = PBXFileReference; lastKnownFileType = folder; name = LegadoKit; path = ../../Packages/LegadoKit; sourceTree = SOURCE_ROOT; };
		7C9B37DC68383564F773D013 /* SourceCatalogEnvironment.swift */ = {isa = PBXFileReference; lastKnownFileType = sourcecode.swift; path = SourceCatalogEnvironment.swift; sourceTree = "<group>"; };
		8F643378684698E56A60BB42 /* BookDetailView.swift */ = {isa = PBXFileReference; lastKnownFileType = sourcecode.swift; path = BookDetailView.swift; sourceTree = "<group>"; };
		DB97AF8062C9ACB83622DB4D /* LegadoApp.swift */ = {isa = PBXFileReference; lastKnownFileType = sourcecode.swift; path = LegadoApp.swift; sourceTree = "<group>"; };
		F888FA69C591B5A9AC6E9D5B /* ManagedBookFileStore.swift */ = {isa = PBXFileReference; lastKnownFileType = sourcecode.swift; path = ManagedBookFileStore.swift; sourceTree = "<group>"; };
		FF7E0504B02B52095E37595C /* ReaderContentView.swift */ = {isa = PBXFileReference; lastKnownFileType = sourcecode.swift; path = ReaderContentView.swift; sourceTree = "<group>"; };
/* End PBXFileReference section */

/* Begin PBXFrameworksBuildPhase section */
		78FFFBA393B62E79CCCA9967 /* Frameworks */ = {
			isa = PBXFrameworksBuildPhase;
			buildActionMask = 2147483647;
			files = (
				DACC0FDD44450CF8A823AC81 /* LegadoFullCompatKit in Frameworks */,
			);
			runOnlyForDeploymentPostprocessing = 0;
		};
/* End PBXFrameworksBuildPhase section */

/* Begin PBXGroup section */
		2A805717CBB3DE17E51458F1 /* App */ = {
			isa = PBXGroup;
			children = (
				8F643378684698E56A60BB42 /* BookDetailView.swift */,
				148BB4F7EFBC9D40BED6769D /* ChapterTOCView.swift */,
				DB97AF8062C9ACB83622DB4D /* LegadoApp.swift */,
				F888FA69C591B5A9AC6E9D5B /* ManagedBookFileStore.swift */,
				FF7E0504B02B52095E37595C /* ReaderContentView.swift */,
				1AA56687558EF2C28A2F526F /* RootShellView.swift */,
				0E3179602790AC70DE65BB59 /* SearchEnvironment.swift */,
				1461305771304D0B5A9934B5 /* ShelfManagementView.swift */,
				7C9B37DC68383564F773D013 /* SourceCatalogEnvironment.swift */,
				0C3D6A5A1D184704A75CC5EF /* SourceLoginView.swift */,
				1C9DD517B1446521069518EC /* SourceManagementView.swift */,
			);
			path = App;
			sourceTree = "<group>";
		};
		2EFA8535A04955DF845418B2 = {
			isa = PBXGroup;
			children = (
				2A805717CBB3DE17E51458F1 /* App */,
				3BD761BCFA0F9CC75BD6063C /* Packages */,
				34C9BFA67068D407FDAA7A51 /* UITests */,
				7A9998A08F31415169D8903D /* Products */,
			);
			sourceTree = "<group>";
		};
		34C9BFA67068D407FDAA7A51 /* UITests */ = {
			isa = PBXGroup;
			children = (
				35F4A6E9B82AF44A887F2980 /* LegadoAppUITests.swift */,
			);
			path = UITests;
			sourceTree = "<group>";
		};
		3BD761BCFA0F9CC75BD6063C /* Packages */ = {
			isa = PBXGroup;
			children = (
				7347A313DD725C4724AF05DC /* LegadoKit */,
			);
			name = Packages;
			sourceTree = "<group>";
		};
		7A9998A08F31415169D8903D /* Products */ = {
			isa = PBXGroup;
			children = (
				41F121F4FC3DD3B968A18419 /* LegadoApp.app */,
				03D812586C316D23E78AB8E6 /* LegadoAppUITests.xctest */,
			);
			name = Products;
			sourceTree = "<group>";
		};
/* End PBXGroup section */

/* Begin PBXNativeTarget section */
		55315C6346F89ED3EB625180 /* LegadoApp */ = {
			isa = PBXNativeTarget;
			buildConfigurationList = 24288F563AA5338B93AB747D /* Build configuration list for PBXNativeTarget "LegadoApp" */;
			buildPhases = (
				DE9F2369F90DD8C39A34EA59 /* Sources */,
				78FFFBA393B62E79CCCA9967 /* Frameworks */,
			);
			buildRules = (
			);
			dependencies = (
			);
			name = LegadoApp;
			packageProductDependencies = (
				752C493A99E434E7A062F2B3 /* LegadoFullCompatKit */,
			);
			productName = LegadoApp;
			productReference = 41F121F4FC3DD3B968A18419 /* LegadoApp.app */;
			productType = "com.apple.product-type.application";
		};
		BC191D74B28DCA14DD66D159 /* LegadoAppUITests */ = {
			isa = PBXNativeTarget;
			buildConfigurationList = 54932E32C7F00847BA46EB0A /* Build configuration list for PBXNativeTarget "LegadoAppUITests" */;
			buildPhases = (
				4C052587CC9CC8EBF52FC0F7 /* Sources */,
			);
			buildRules = (
			);
			dependencies = (
				4F32623BAF8F299EB769FFFF /* PBXTargetDependency */,
			);
			name = LegadoAppUITests;
			packageProductDependencies = (
			);
			productName = LegadoAppUITests;
			productReference = 03D812586C316D23E78AB8E6 /* LegadoAppUITests.xctest */;
			productType = "com.apple.product-type.bundle.ui-testing";
		};
/* End PBXNativeTarget section */

/* Begin PBXProject section */
		97C88D041936DFBF20C4AA23 /* Project object */ = {
			isa = PBXProject;
			attributes = {
				BuildIndependentTargetsInParallel = YES;
				LastUpgradeCheck = 1430;
				TargetAttributes = {
					BC191D74B28DCA14DD66D159 = {
						TestTargetID = 55315C6346F89ED3EB625180;
					};
				};
			};
			buildConfigurationList = C5A9AF168B7272EB87E8395A /* Build configuration list for PBXProject "Legado" */;
			developmentRegion = en;
			hasScannedForEncodings = 0;
			knownRegions = (
				Base,
				en,
			);
			mainGroup = 2EFA8535A04955DF845418B2;
			minimizedProjectReferenceProxies = 1;
			packageReferences = (
				DBA1B41DEFDF5ED14F010B4C /* XCLocalSwiftPackageReference "../../Packages/LegadoKit" */,
			);
			preferredProjectObjectVersion = 77;
			productRefGroup = 7A9998A08F31415169D8903D /* Products */;
			projectDirPath = "";
			projectRoot = "";
			targets = (
				55315C6346F89ED3EB625180 /* LegadoApp */,
				BC191D74B28DCA14DD66D159 /* LegadoAppUITests */,
			);
		};
/* End PBXProject section */

/* Begin PBXSourcesBuildPhase section */
		4C052587CC9CC8EBF52FC0F7 /* Sources */ = {
			isa = PBXSourcesBuildPhase;
			buildActionMask = 2147483647;
			files = (
				77A808F091EA8A7F43C7112F /* LegadoAppUITests.swift in Sources */,
			);
			runOnlyForDeploymentPostprocessing = 0;
		};
		DE9F2369F90DD8C39A34EA59 /* Sources */ = {
			isa = PBXSourcesBuildPhase;
			buildActionMask = 2147483647;
			files = (
				8C9B2045210D4D12A72EDB80 /* BookDetailView.swift in Sources */,
				26C1753D9C50964A3EA59600 /* ChapterTOCView.swift in Sources */,
				7CF2EBDB0B65A2B3E697C3BD /* LegadoApp.swift in Sources */,
				81816E12EB45F89D6C820242 /* ManagedBookFileStore.swift in Sources */,
				EE6ACF282E27D4D151647C16 /* ReaderContentView.swift in Sources */,
				9AEB7EA85E118BCDEF1BC722 /* RootShellView.swift in Sources */,
				F6215ABC51AF3EDE56196855 /* SearchEnvironment.swift in Sources */,
				1A247BC9DA1F87E2A09B5044 /* ShelfManagementView.swift in Sources */,
				D8AD017203A6DBD627D4F11B /* SourceCatalogEnvironment.swift in Sources */,
				6CA4C2449D674B518896C424 /* SourceLoginView.swift in Sources */,
				682ADA9807FEE6DA793B5B45 /* SourceManagementView.swift in Sources */,
			);
			runOnlyForDeploymentPostprocessing = 0;
		};
/* End PBXSourcesBuildPhase section */

/* Begin PBXTargetDependency section */
		4F32623BAF8F299EB769FFFF /* PBXTargetDependency */ = {
			isa = PBXTargetDependency;
			target = 55315C6346F89ED3EB625180 /* LegadoApp */;
			targetProxy = F48AE1B1346E729A68FB1BFF /* PBXContainerItemProxy */;
		};
/* End PBXTargetDependency section */

/* Begin XCBuildConfiguration section */
		0DB7629B31FF90725B515881 /* Debug */ = {
			isa = XCBuildConfiguration;
			buildSettings = {
				ASSETCATALOG_COMPILER_APPICON_NAME = AppIcon;
				CODE_SIGN_IDENTITY = "iPhone Developer";
				GENERATE_INFOPLIST_FILE = NO;
				INFOPLIST_FILE = App/Info.plist;
				LD_RUNPATH_SEARCH_PATHS = (
					"$(inherited)",
					"@executable_path/Frameworks",
				);
				PRODUCT_BUNDLE_IDENTIFIER = com.yangtianxiang.legado.app;
				SDKROOT = iphoneos;
				TARGETED_DEVICE_FAMILY = "1,2";
			};
			name = Debug;
		};
		1008F408AA1428A45896270A /* Release */ = {
			isa = XCBuildConfiguration;
			buildSettings = {
				ALWAYS_SEARCH_USER_PATHS = NO;
				CLANG_ANALYZER_NONNULL = YES;
				CLANG_ANALYZER_NUMBER_OBJECT_CONVERSION = YES_AGGRESSIVE;
				CLANG_CXX_LANGUAGE_STANDARD = "gnu++14";
				CLANG_CXX_LIBRARY = "libc++";
				CLANG_ENABLE_MODULES = YES;
				CLANG_ENABLE_OBJC_ARC = YES;
				CLANG_ENABLE_OBJC_WEAK = YES;
				CLANG_WARN_BLOCK_CAPTURE_AUTORELEASING = YES;
				CLANG_WARN_BOOL_CONVERSION = YES;
				CLANG_WARN_COMMA = YES;
				CLANG_WARN_CONSTANT_CONVERSION = YES;
				CLANG_WARN_DEPRECATED_OBJC_IMPLEMENTATIONS = YES;
				CLANG_WARN_DIRECT_OBJC_ISA_USAGE = YES_ERROR;
				CLANG_WARN_DOCUMENTATION_COMMENTS = YES;
				CLANG_WARN_EMPTY_BODY = YES;
				CLANG_WARN_ENUM_CONVERSION = YES;
				CLANG_WARN_INFINITE_RECURSION = YES;
				CLANG_WARN_INT_CONVERSION = YES;
				CLANG_WARN_NON_LITERAL_NULL_CONVERSION = YES;
				CLANG_WARN_OBJC_IMPLICIT_RETAIN_SELF = YES;
				CLANG_WARN_OBJC_LITERAL_CONVERSION = YES;
				CLANG_WARN_OBJC_ROOT_CLASS = YES_ERROR;
				CLANG_WARN_QUOTED_INCLUDE_IN_FRAMEWORK_HEADER = YES;
				CLANG_WARN_RANGE_LOOP_ANALYSIS = YES;
				CLANG_WARN_STRICT_PROTOTYPES = YES;
				CLANG_WARN_SUSPICIOUS_MOVE = YES;
				CLANG_WARN_UNGUARDED_AVAILABILITY = YES_AGGRESSIVE;
				CLANG_WARN_UNREACHABLE_CODE = YES;
				CLANG_WARN__DUPLICATE_METHOD_MATCH = YES;
				COPY_PHASE_STRIP = NO;
				DEBUG_INFORMATION_FORMAT = "dwarf-with-dsym";
				ENABLE_NS_ASSERTIONS = NO;
				ENABLE_STRICT_OBJC_MSGSEND = YES;
				GCC_C_LANGUAGE_STANDARD = gnu11;
				GCC_NO_COMMON_BLOCKS = YES;
				GCC_WARN_64_TO_32_BIT_CONVERSION = YES;
				GCC_WARN_ABOUT_RETURN_TYPE = YES_ERROR;
				GCC_WARN_UNDECLARED_SELECTOR = YES;
				GCC_WARN_UNINITIALIZED_AUTOS = YES_AGGRESSIVE;
				GCC_WARN_UNUSED_FUNCTION = YES;
				GCC_WARN_UNUSED_VARIABLE = YES;
				IPHONEOS_DEPLOYMENT_TARGET = 17.0;
				MTL_ENABLE_DEBUG_INFO = NO;
				MTL_FAST_MATH = YES;
				PRODUCT_NAME = "$(TARGET_NAME)";
				SDKROOT = iphoneos;
				SWIFT_COMPILATION_MODE = wholemodule;
				SWIFT_OPTIMIZATION_LEVEL = "-O";
				SWIFT_STRICT_CONCURRENCY = complete;
				SWIFT_VERSION = 6.0;
			};
			name = Release;
		};
		43602922CD79DB6E1DA75710 /* Debug */ = {
			isa = XCBuildConfiguration;
			buildSettings = {
				BUNDLE_LOADER = "$(TEST_HOST)";
				GENERATE_INFOPLIST_FILE = YES;
				LD_RUNPATH_SEARCH_PATHS = (
					"$(inherited)",
					"@executable_path/Frameworks",
					"@loader_path/Frameworks",
				);
				PRODUCT_BUNDLE_IDENTIFIER = com.yangtianxiang.legado.app.uitests;
				SDKROOT = iphoneos;
				TARGETED_DEVICE_FAMILY = "1,2";
				TEST_TARGET_NAME = LegadoApp;
			};
			name = Debug;
		};
		8AB3E3FCC8820D9722F576DE /* Debug */ = {
			isa = XCBuildConfiguration;
			buildSettings = {
				ALWAYS_SEARCH_USER_PATHS = NO;
				CLANG_ANALYZER_NONNULL = YES;
				CLANG_ANALYZER_NUMBER_OBJECT_CONVERSION = YES_AGGRESSIVE;
				CLANG_CXX_LANGUAGE_STANDARD = "gnu++14";
				CLANG_CXX_LIBRARY = "libc++";
				CLANG_ENABLE_MODULES = YES;
				CLANG_ENABLE_OBJC_ARC = YES;
				CLANG_ENABLE_OBJC_WEAK = YES;
				CLANG_WARN_BLOCK_CAPTURE_AUTORELEASING = YES;
				CLANG_WARN_BOOL_CONVERSION = YES;
				CLANG_WARN_COMMA = YES;
				CLANG_WARN_CONSTANT_CONVERSION = YES;
				CLANG_WARN_DEPRECATED_OBJC_IMPLEMENTATIONS = YES;
				CLANG_WARN_DIRECT_OBJC_ISA_USAGE = YES_ERROR;
				CLANG_WARN_DOCUMENTATION_COMMENTS = YES;
				CLANG_WARN_EMPTY_BODY = YES;
				CLANG_WARN_ENUM_CONVERSION = YES;
				CLANG_WARN_INFINITE_RECURSION = YES;
				CLANG_WARN_INT_CONVERSION = YES;
				CLANG_WARN_NON_LITERAL_NULL_CONVERSION = YES;
				CLANG_WARN_OBJC_IMPLICIT_RETAIN_SELF = YES;
				CLANG_WARN_OBJC_LITERAL_CONVERSION = YES;
				CLANG_WARN_OBJC_ROOT_CLASS = YES_ERROR;
				CLANG_WARN_QUOTED_INCLUDE_IN_FRAMEWORK_HEADER = YES;
				CLANG_WARN_RANGE_LOOP_ANALYSIS = YES;
				CLANG_WARN_STRICT_PROTOTYPES = YES;
				CLANG_WARN_SUSPICIOUS_MOVE = YES;
				CLANG_WARN_UNGUARDED_AVAILABILITY = YES_AGGRESSIVE;
				CLANG_WARN_UNREACHABLE_CODE = YES;
				CLANG_WARN__DUPLICATE_METHOD_MATCH = YES;
				COPY_PHASE_STRIP = NO;
				DEBUG_INFORMATION_FORMAT = dwarf;
				ENABLE_STRICT_OBJC_MSGSEND = YES;
				ENABLE_TESTABILITY = YES;
				GCC_C_LANGUAGE_STANDARD = gnu11;
				GCC_DYNAMIC_NO_PIC = NO;
				GCC_NO_COMMON_BLOCKS = YES;
				GCC_OPTIMIZATION_LEVEL = 0;
				GCC_PREPROCESSOR_DEFINITIONS = (
					"$(inherited)",
					"DEBUG=1",
				);
				GCC_WARN_64_TO_32_BIT_CONVERSION = YES;
				GCC_WARN_ABOUT_RETURN_TYPE = YES_ERROR;
				GCC_WARN_UNDECLARED_SELECTOR = YES;
				GCC_WARN_UNINITIALIZED_AUTOS = YES_AGGRESSIVE;
				GCC_WARN_UNUSED_FUNCTION = YES;
				GCC_WARN_UNUSED_VARIABLE = YES;
				IPHONEOS_DEPLOYMENT_TARGET = 17.0;
				MTL_ENABLE_DEBUG_INFO = INCLUDE_SOURCE;
				MTL_FAST_MATH = YES;
				ONLY_ACTIVE_ARCH = YES;
				PRODUCT_NAME = "$(TARGET_NAME)";
				SDKROOT = iphoneos;
				SWIFT_ACTIVE_COMPILATION_CONDITIONS = DEBUG;
				SWIFT_OPTIMIZATION_LEVEL = "-Onone";
				SWIFT_STRICT_CONCURRENCY = complete;
				SWIFT_VERSION = 6.0;
			};
			name = Debug;
		};
		8F3972189F7945A6EFA8F9C6 /* Release */ = {
			isa = XCBuildConfiguration;
			buildSettings = {
				BUNDLE_LOADER = "$(TEST_HOST)";
				GENERATE_INFOPLIST_FILE = YES;
				LD_RUNPATH_SEARCH_PATHS = (
					"$(inherited)",
					"@executable_path/Frameworks",
					"@loader_path/Frameworks",
				);
				PRODUCT_BUNDLE_IDENTIFIER = com.yangtianxiang.legado.app.uitests;
				SDKROOT = iphoneos;
				TARGETED_DEVICE_FAMILY = "1,2";
				TEST_TARGET_NAME = LegadoApp;
			};
			name = Release;
		};
		FC24EDE595CD017A2A498CF6 /* Release */ = {
			isa = XCBuildConfiguration;
			buildSettings = {
				ASSETCATALOG_COMPILER_APPICON_NAME = AppIcon;
				CODE_SIGN_IDENTITY = "iPhone Developer";
				GENERATE_INFOPLIST_FILE = NO;
				INFOPLIST_FILE = App/Info.plist;
				LD_RUNPATH_SEARCH_PATHS = (
					"$(inherited)",
					"@executable_path/Frameworks",
				);
				PRODUCT_BUNDLE_IDENTIFIER = com.yangtianxiang.legado.app;
				SDKROOT = iphoneos;
				TARGETED_DEVICE_FAMILY = "1,2";
			};
			name = Release;
		};
/* End XCBuildConfiguration section */

/* Begin XCConfigurationList section */
		24288F563AA5338B93AB747D /* Build configuration list for PBXNativeTarget "LegadoApp" */ = {
			isa = XCConfigurationList;
			buildConfigurations = (
				0DB7629B31FF90725B515881 /* Debug */,
				FC24EDE595CD017A2A498CF6 /* Release */,
			);
			defaultConfigurationIsVisible = 0;
			defaultConfigurationName = Debug;
		};
		54932E32C7F00847BA46EB0A /* Build configuration list for PBXNativeTarget "LegadoAppUITests" */ = {
			isa = XCConfigurationList;
			buildConfigurations = (
				43602922CD79DB6E1DA75710 /* Debug */,
				8F3972189F7945A6EFA8F9C6 /* Release */,
			);
			defaultConfigurationIsVisible = 0;
			defaultConfigurationName = Debug;
		};
		C5A9AF168B7272EB87E8395A /* Build configuration list for PBXProject "Legado" */ = {
			isa = XCConfigurationList;
			buildConfigurations = (
				8AB3E3FCC8820D9722F576DE /* Debug */,
				1008F408AA1428A45896270A /* Release */,
			);
			defaultConfigurationIsVisible = 0;
			defaultConfigurationName = Debug;
		};
/* End XCConfigurationList section */

/* Begin XCLocalSwiftPackageReference section */
		DBA1B41DEFDF5ED14F010B4C /* XCLocalSwiftPackageReference "../../Packages/LegadoKit" */ = {
			isa = XCLocalSwiftPackageReference;
			relativePath = ../../Packages/LegadoKit;
		};
/* End XCLocalSwiftPackageReference section */

/* Begin XCSwiftPackageProductDependency section */
		752C493A99E434E7A062F2B3 /* LegadoFullCompatKit */ = {
			isa = XCSwiftPackageProductDependency;
			productName = LegadoFullCompatKit;
		};
/* End XCSwiftPackageProductDependency section */
	};
	rootObject = 97C88D041936DFBF20C4AA23 /* Project object */;
}
